PODS:
  - Flutter (1.0.0)
  - recovery (0.0.1):
    - Flutter

DEPENDENCIES:
  - Flutter (from `Flutter`)
  - recovery (from `./recovery.podspec`)

EXTERNAL SOURCES:
  Flutter:
    :path: Flutter
  recovery:
    :path: "./recovery.podspec"

SPEC CHECKSUMS:
  Flutter: cabc95a1d2626b1b06e7179b784ebcf0c0cde467
  recovery: 94e96065bc1e3b8c861ad8a730e98daba0ef636d

PODFILE CHECKSUM: 40a0dea7f031265f9f3d76d82cba9d53edc358b7

COCOAPODS: 1.16.2
